
Microsoft Visual Studio Solution File, Format Version 12.00
# Visual Studio 15
VisualStudioVersion = 15.0.27428.2015
MinimumVisualStudioVersion = 10.0.40219.1
Project("{FAE04EC0-301F-11D3-BF4B-00C04F79EFBC}") = "WebAzureAngular", "WebAzureAngular\WebAzureAngular.csproj", "{B51AAE96-0E74-4FC9-98FB-EE0679785178}"
EndProject
Global
	GlobalSection(SolutionConfigurationPlatforms) = preSolution
		Debug|Any CPU = Debug|Any CPU
		Release|Any CPU = Release|Any CPU
	EndGlobalSection
	GlobalSection(ProjectConfigurationPlatforms) = postSolution
		{B51AAE96-0E74-4FC9-98FB-EE0679785178}.Debug|Any CPU.ActiveCfg = Debug|Any CPU
		{B51AAE96-0E74-4FC9-98FB-EE0679785178}.Debug|Any CPU.Build.0 = Debug|Any CPU
		{B51AAE96-0E74-4FC9-98FB-EE0679785178}.Release|Any CPU.ActiveCfg = Release|Any CPU
		{B51AAE96-0E74-4FC9-98FB-EE0679785178}.Release|Any CPU.Build.0 = Release|Any CPU
	EndGlobalSection
	GlobalSection(SolutionProperties) = preSolution
		HideSolutionNode = FALSE
	EndGlobalSection
	GlobalSection(ExtensibilityGlobals) = postSolution
		SolutionGuid = {058115FB-057C-4DEF-A3EE-15DDCA527C65}
	EndGlobalSection
EndGlobal
